{
	"name": "@jsonforms/angular-material",
	"version": "3.0.0-beta.2",
	"lockfileVersion": 2,
	"requires": true,
	"packages": {
		"": {
			"name": "@jsonforms/angular-material",
			"version": "3.0.0-beta.2",
			"license": "MIT",
			"devDependencies": {
				"core-js": "^2.5.3"
			},
			"peerDependencies": {
				"@angular/animations": "^12.0.0 || ^13.0.0",
				"@angular/cdk": "^12.0.0 || ^13.0.0",
				"@angular/common": "^12.0.0 || ^13.0.0",
				"@angular/core": "^12.0.0 || ^13.0.0",
				"@angular/flex-layout": "^12.0.0-beta || ^13.0.0-beta",
				"@angular/forms": "^12.0.0 || ^13.0.0",
				"@angular/material": "^12.0.0 || ^13.0.0",
				"@angular/platform-browser": "^12.0.0 || ^13.0.0",
				"@angular/router": "^12.0.0 || ^13.0.0",
				"@jsonforms/angular": "3.0.0-beta.2",
				"@jsonforms/core": "3.0.0-beta.2",
				"core-js": "^2.5.3",
				"rxjs": "^6.4.0"
			}
		},
		"node_modules/core-js": {
			"version": "2.6.12",
			"resolved": "https://registry.npmjs.org/core-js/-/core-js-2.6.12.tgz",
			"integrity": "sha512-Kb2wC0fvsWfQrgk8HU5lW6U/Lcs8+9aaYcy4ZFc6DDlo4nZ7n70dEgE5rtR0oG6ufKDUnrwfWL1mXR5ljDatrQ==",
			"deprecated": "core-js@<3.4 is no longer maintained and not recommended for usage due to the number of issues. Because of the V8 engine whims, feature detection in old core-js versions could cause a slowdown up to 100x even if nothing is polyfilled. Please, upgrade your dependencies to the actual version of core-js.",
			"dev": true,
			"hasInstallScript": true
		}
	},
	"dependencies": {
		"core-js": {
			"version": "2.6.12",
			"resolved": "https://registry.npmjs.org/core-js/-/core-js-2.6.12.tgz",
			"integrity": "sha512-Kb2wC0fvsWfQrgk8HU5lW6U/Lcs8+9aaYcy4ZFc6DDlo4nZ7n70dEgE5rtR0oG6ufKDUnrwfWL1mXR5ljDatrQ==",
			"dev": true
		}
	}
}
